PODS:
  - CoinFavorites (1.0.3):
    - Commons
    - SDWebImage
  - Commons (1.0.2)
  - SDWebImage (5.10.3):
    - SDWebImage/Core (= 5.10.3)
  - SDWebImage/Core (5.10.3)

DEPENDENCIES:
  - CoinFavorites (from `../`)

SPEC REPOS:
  trunk:
    - Commons
    - SDWebImage

EXTERNAL SOURCES:
  CoinFavorites:
    :path: "../"

SPEC CHECKSUMS:
  CoinFavorites: fd4e497e17a5713a524cd8ba1beb11d21ee42cdf
  Commons: 399862eca520f9ef9e7ec67b023c35459cfc9776
  SDWebImage: e378178472b735e84b007bfb55514c97948a0598

PODFILE CHECKSUM: f9a51153d42dd556436554e66b2a2fc487ff471b

COCOAPODS: 1.10.1
